// !$*UTF8*$!
{
	archiveVersion = 1;
	classes = {
	};
	objectVersion = 50;
	objects = {

/* Begin PBXBuildFile section */
		4A77A9F526D8835C00A89B3A /* ingresso_ios_challengeApp.swift in Sources */ = {isa = PBXBuildFile; fileRef = 4A77A9F426D8835C00A89B3A /* ingresso_ios_challengeApp.swift */; };
		4A77A9F726D8835C00A89B3A /* ContentView.swift in Sources */ = {isa = PBXBuildFile; fileRef = 4A77A9F626D8835C00A89B3A /* ContentView.swift */; };
		4A77A9F926D8835E00A89B3A /* Assets.xcassets in Resources */ = {isa = PBXBuildFile; fileRef = 4A77A9F826D8835E00A89B3A /* Assets.xcassets */; };
		4A77A9FC26D8835E00A89B3A /* Preview Assets.xcassets in Resources */ = {isa = PBXBuildFile; fileRef = 4A77A9FB26D8835E00A89B3A /* Preview Assets.xcassets */; };
		4A77AA0726D8835E00A89B3A /* ingresso_ios_challengeTests.swift in Sources */ = {isa = PBXBuildFile; fileRef = 4A77AA0626D8835E00A89B3A /* ingresso_ios_challengeTests.swift */; };
		4A77AA1226D8835E00A89B3A /* ingresso_ios_challengeUITests.swift in Sources */ = {isa = PBXBuildFile; fileRef = 4A77AA1126D8835E00A89B3A /* ingresso_ios_challengeUITests.swift */; };
/* End PBXBuildFile section */

/* Begin PBXContainerItemProxy section */
		4A77AA0326D8835E00A89B3A /* PBXContainerItemProxy */ = {
			isa = PBXContainerItemProxy;
			containerPortal = 4A77A9E926D8835C00A89B3A /* Project object */;
			proxyType = 1;
			remoteGlobalIDString = 4A77A9F026D8835C00A89B3A;
			remoteInfo = "ingresso-ios-challenge";
		};
		4A77AA0E26D8835E00A89B3A /* PBXContainerItemProxy */ = {
			isa = PBXContainerItemProxy;
			containerPortal = 4A77A9E926D8835C00A89B3A /* Project object */;
			proxyType = 1;
			remoteGlobalIDString = 4A77A9F026D8835C00A89B3A;
			remoteInfo = "ingresso-ios-challenge";
		};
/* End PBXContainerItemProxy section */

/* Begin PBXFileReference section */
		4A77A9F126D8835C00A89B3A /* ingresso-ios-challenge.app */ = {isa = PBXFileReference; explicitFileType = wrapper.application; includeInIndex = 0; path = "ingresso-ios-challenge.app"; sourceTree = BUILT_PRODUCTS_DIR; };
		4A77A9F426D8835C00A89B3A /* ingresso_ios_challengeApp.swift */ = {isa = PBXFileReference; lastKnownFileType = sourcecode.swift; path = ingresso_ios_challengeApp.swift; sourceTree = "<group>"; };
		4A77A9F626D8835C00A89B3A /* ContentView.swift */ = {isa = PBXFileReference; lastKnownFileType = sourcecode.swift; path = ContentView.swift; sourceTree = "<group>"; };
		4A77A9F826D8835E00A89B3A /* Assets.xcassets */ = {isa = PBXFileReference; lastKnownFileType = folder.assetcatalog; path = Assets.xcassets; sourceTree = "<group>"; };
		4A77A9FB26D8835E00A89B3A /* Preview Assets.xcassets */ = {isa = PBXFileReference; lastKnownFileType = folder.assetcatalog; path = "Preview Assets.xcassets"; sourceTree = "<group>"; };
		4A77A9FD26D8835E00A89B3A /* Info.plist */ = {isa = PBXFileReference; lastKnownFileType = text.plist.xml; path = Info.plist; sourceTree = "<group>"; };
		4A77AA0226D8835E00A89B3A /* ingresso-ios-challengeTests.xctest */ = {isa = PBXFileReference; explicitFileType = wrapper.cfbundle; includeInIndex = 0; path = "ingresso-ios-challengeTests.xctest"; sourceTree = BUILT_PRODUCTS_DIR; };
		4A77AA0626D8835E00A89B3A /* ingresso_ios_challengeTests.swift */ = {isa = PBXFileReference; lastKnownFileType = sourcecode.swift; path = ingresso_ios_challengeTests.swift; sourceTree = "<group>"; };
		4A77AA0826D8835E00A89B3A /* Info.plist */ = {isa = PBXFileReference; lastKnownFileType = text.plist.xml; path = Info.plist; sourceTree = "<group>"; };
		4A77AA0D26D8835E00A89B3A /* ingresso-ios-challengeUITests.xctest */ = {isa = PBXFileReference; explicitFileType = wrapper.cfbundle; includeInIndex = 0; path = "ingresso-ios-challengeUITests.xctest"; sourceTree = BUILT_PRODUCTS_DIR; };
		4A77AA1126D8835E00A89B3A /* ingresso_ios_challengeUITests.swift */ = {isa = PBXFileReference; lastKnownFileType = sourcecode.swift; path = ingresso_ios_challengeUITests.swift; sourceTree = "<group>"; };
		4A77AA1326D8835E00A89B3A /* Info.plist */ = {isa = PBXFileReference; lastKnownFileType = text.plist.xml; path = Info.plist; sourceTree = "<group>"; };
/* End PBXFileReference section */

/* Begin PBXFrameworksBuildPhase section */
		4A77A9EE26D8835C00A89B3A /* Frameworks */ = {
			isa = PBXFrameworksBuildPhase;
			buildActionMask = 2147483647;
			files = (
			);
			runOnlyForDeploymentPostprocessing = 0;
		};
		4A77A9FF26D8835E00A89B3A /* Frameworks */ = {
			isa = PBXFrameworksBuildPhase;
			buildActionMask = 2147483647;
			files = (
			);
			runOnlyForDeploymentPostprocessing = 0;
		};
		4A77AA0A26D8835E00A89B3A /* Frameworks */ = {
			isa = PBXFrameworksBuildPhase;
			buildActionMask = 2147483647;
			files = (
			);
			runOnlyForDeploymentPostprocessing = 0;
		};
/* End PBXFrameworksBuildPhase section */

/* Begin PBXGroup section */
		4A77A9E826D8835C00A89B3A = {
			isa = PBXGroup;
			children = (
				4A77A9F326D8835C00A89B3A /* ingresso-ios-challenge */,
				4A77AA0526D8835E00A89B3A /* ingresso-ios-challengeTests */,
				4A77AA1026D8835E00A89B3A /* ingresso-ios-challengeUITests */,
				4A77A9F226D8835C00A89B3A /* Products */,
			);
			sourceTree = "<group>";
		};
		4A77A9F226D8835C00A89B3A /* Products */ = {
			isa = PBXGroup;
			children = (
				4A77A9F126D8835C00A89B3A /* ingresso-ios-challenge.app */,
				4A77AA0226D8835E00A89B3A /* ingresso-ios-challengeTests.xctest */,
				4A77AA0D26D8835E00A89B3A /* ingresso-ios-challengeUITests.xctest */,
			);
			name = Products;
			sourceTree = "<group>";
		};
		4A77A9F326D8835C00A89B3A /* ingresso-ios-challenge */ = {
			isa = PBXGroup;
			children = (
				4A77A9F426D8835C00A89B3A /* ingresso_ios_challengeApp.swift */,
				4A77A9F626D8835C00A89B3A /* ContentView.swift */,
				4A77A9F826D8835E00A89B3A /* Assets.xcassets */,
				4A77A9FD26D8835E00A89B3A /* Info.plist */,
				4A77A9FA26D8835E00A89B3A /* Preview Content */,
			);
			path = "ingresso-ios-challenge";
			sourceTree = "<group>";
		};
		4A77A9FA26D8835E00A89B3A /* Preview Content */ = {
			isa = PBXGroup;
			children = (
				4A77A9FB26D8835E00A89B3A /* Preview Assets.xcassets */,
			);
			path = "Preview Content";
			sourceTree = "<group>";
		};
		4A77AA0526D8835E00A89B3A /* ingresso-ios-challengeTests */ = {
			isa = PBXGroup;
			children = (
				4A77AA0626D8835E00A89B3A /* ingresso_ios_challengeTests.swift */,
				4A77AA0826D8835E00A89B3A /* Info.plist */,
			);
			path = "ingresso-ios-challengeTests";
			sourceTree = "<group>";
		};
		4A77AA1026D8835E00A89B3A /* ingresso-ios-challengeUITests */ = {
			isa = PBXGroup;
			children = (
				4A77AA1126D8835E00A89B3A /* ingresso_ios_challengeUITests.swift */,
				4A77AA1326D8835E00A89B3A /* Info.plist */,
			);
			path = "ingresso-ios-challengeUITests";
			sourceTree = "<group>";
		};
/* End PBXGroup section */

/* Begin PBXNativeTarget section */
		4A77A9F026D8835C00A89B3A /* ingresso-ios-challenge */ = {
			isa = PBXNativeTarget;
			buildConfigurationList = 4A77AA1626D8835E00A89B3A /* Build configuration list for PBXNativeTarget "ingresso-ios-challenge" */;
			buildPhases = (
				4A77A9ED26D8835C00A89B3A /* Sources */,
				4A77A9EE26D8835C00A89B3A /* Frameworks */,
				4A77A9EF26D8835C00A89B3A /* Resources */,
			);
			buildRules = (
			);
			dependencies = (
			);
			name = "ingresso-ios-challenge";
			productName = "ingresso-ios-challenge";
			productReference = 4A77A9F126D8835C00A89B3A /* ingresso-ios-challenge.app */;
			productType = "com.apple.product-type.application";
		};
		4A77AA0126D8835E00A89B3A /* ingresso-ios-challengeTests */ = {
			isa = PBXNativeTarget;
			buildConfigurationList = 4A77AA1926D8835E00A89B3A /* Build configuration list for PBXNativeTarget "ingresso-ios-challengeTests" */;
			buildPhases = (
				4A77A9FE26D8835E00A89B3A /* Sources */,
				4A77A9FF26D8835E00A89B3A /* Frameworks */,
				4A77AA0026D8835E00A89B3A /* Resources */,
			);
			buildRules = (
			);
			dependencies = (
				4A77AA0426D8835E00A89B3A /* PBXTargetDependency */,
			);
			name = "ingresso-ios-challengeTests";
			productName = "ingresso-ios-challengeTests";
			productReference = 4A77AA0226D8835E00A89B3A /* ingresso-ios-challengeTests.xctest */;
			productType = "com.apple.product-type.bundle.unit-test";
		};
		4A77AA0C26D8835E00A89B3A /* ingresso-ios-challengeUITests */ = {
			isa = PBXNativeTarget;
			buildConfigurationList = 4A77AA1C26D8835E00A89B3A /* Build configuration list for PBXNativeTarget "ingresso-ios-challengeUITests" */;
			buildPhases = (
				4A77AA0926D8835E00A89B3A /* Sources */,
				4A77AA0A26D8835E00A89B3A /* Frameworks */,
				4A77AA0B26D8835E00A89B3A /* Resources */,
			);
			buildRules = (
			);
			dependencies = (
				4A77AA0F26D8835E00A89B3A /* PBXTargetDependency */,
			);
			name = "ingresso-ios-challengeUITests";
			productName = "ingresso-ios-challengeUITests";
			productReference = 4A77AA0D26D8835E00A89B3A /* ingresso-ios-challengeUITests.xctest */;
			productType = "com.apple.product-type.bundle.ui-testing";
		};
/* End PBXNativeTarget section */

/* Begin PBXProject section */
		4A77A9E926D8835C00A89B3A /* Project object */ = {
			isa = PBXProject;
			attributes = {
				LastSwiftUpdateCheck = 1250;
				LastUpgradeCheck = 1250;
				TargetAttributes = {
					4A77A9F026D8835C00A89B3A = {
						CreatedOnToolsVersion = 12.5.1;
					};
					4A77AA0126D8835E00A89B3A = {
						CreatedOnToolsVersion = 12.5.1;
						TestTargetID = 4A77A9F026D8835C00A89B3A;
					};
					4A77AA0C26D8835E00A89B3A = {
						CreatedOnToolsVersion = 12.5.1;
						TestTargetID = 4A77A9F026D8835C00A89B3A;
					};
				};
			};
			buildConfigurationList = 4A77A9EC26D8835C00A89B3A /* Build configuration list for PBXProject "ingresso-ios-challenge" */;
			compatibilityVersion = "Xcode 9.3";
			developmentRegion = en;
			hasScannedForEncodings = 0;
			knownRegions = (
				en,
				Base,
			);
			mainGroup = 4A77A9E826D8835C00A89B3A;
			productRefGroup = 4A77A9F226D8835C00A89B3A /* Products */;
			projectDirPath = "";
			projectRoot = "";
			targets = (
				4A77A9F026D8835C00A89B3A /* ingresso-ios-challenge */,
				4A77AA0126D8835E00A89B3A /* ingresso-ios-challengeTests */,
				4A77AA0C26D8835E00A89B3A /* ingresso-ios-challengeUITests */,
			);
		};
/* End PBXProject section */

/* Begin PBXResourcesBuildPhase section */
		4A77A9EF26D8835C00A89B3A /* Resources */ = {
			isa = PBXResourcesBuildPhase;
			buildActionMask = 2147483647;
			files = (
				4A77A9FC26D8835E00A89B3A /* Preview Assets.xcassets in Resources */,
				4A77A9F926D8835E00A89B3A /* Assets.xcassets in Resources */,
			);
			runOnlyForDeploymentPostprocessing = 0;
		};
		4A77AA0026D8835E00A89B3A /* Resources */ = {
			isa = PBXResourcesBuildPhase;
			buildActionMask = 2147483647;
			files = (
			);
			runOnlyForDeploymentPostprocessing = 0;
		};
		4A77AA0B26D8835E00A89B3A /* Resources */ = {
			isa = PBXResourcesBuildPhase;
			buildActionMask = 2147483647;
			files = (
			);
			runOnlyForDeploymentPostprocessing = 0;
		};
/* End PBXResourcesBuildPhase section */

/* Begin PBXSourcesBuildPhase section */
		4A77A9ED26D8835C00A89B3A /* Sources */ = {
			isa = PBXSourcesBuildPhase;
			buildActionMask = 2147483647;
			files = (
				4A77A9F726D8835C00A89B3A /* ContentView.swift in Sources */,
				4A77A9F526D8835C00A89B3A /* ingresso_ios_challengeApp.swift in Sources */,
			);
			runOnlyForDeploymentPostprocessing = 0;
		};
		4A77A9FE26D8835E00A89B3A /* Sources */ = {
			isa = PBXSourcesBuildPhase;
			buildActionMask = 2147483647;
			files = (
				4A77AA0726D8835E00A89B3A /* ingresso_ios_challengeTests.swift in Sources */,
			);
			runOnlyForDeploymentPostprocessing = 0;
		};
		4A77AA0926D8835E00A89B3A /* Sources */ = {
			isa = PBXSourcesBuildPhase;
			buildActionMask = 2147483647;
			files = (
				4A77AA1226D8835E00A89B3A /* ingresso_ios_challengeUITests.swift in Sources */,
			);
			runOnlyForDeploymentPostprocessing = 0;
		};
/* End PBXSourcesBuildPhase section */

/* Begin PBXTargetDependency section */
		4A77AA0426D8835E00A89B3A /* PBXTargetDependency */ = {
			isa = PBXTargetDependency;
			target = 4A77A9F026D8835C00A89B3A /* ingresso-ios-challenge */;
			targetProxy = 4A77AA0326D8835E00A89B3A /* PBXContainerItemProxy */;
		};
		4A77AA0F26D8835E00A89B3A /* PBXTargetDependency */ = {
			isa = PBXTargetDependency;
			target = 4A77A9F026D8835C00A89B3A /* ingresso-ios-challenge */;
			targetProxy = 4A77AA0E26D8835E00A89B3A /* PBXContainerItemProxy */;
		};
/* End PBXTargetDependency section */

/* Begin XCBuildConfiguration section */
		4A77AA1426D8835E00A89B3A /* Debug */ = {
			isa = XCBuildConfiguration;
			buildSettings = {
				ALWAYS_SEARCH_USER_PATHS = NO;
				CLANG_ANALYZER_NONNULL = YES;
				CLANG_ANALYZER_NUMBER_OBJECT_CONVERSION = YES_AGGRESSIVE;
				CLANG_CXX_LANGUAGE_STANDARD = "gnu++14";
				CLANG_CXX_LIBRARY = "libc++";
				CLANG_ENABLE_MODULES = YES;
				CLANG_ENABLE_OBJC_ARC = YES;
				CLANG_ENABLE_OBJC_WEAK = YES;
				CLANG_WARN_BLOCK_CAPTURE_AUTORELEASING = YES;
				CLANG_WARN_BOOL_CONVERSION = YES;
				CLANG_WARN_COMMA = YES;
				CLANG_WARN_CONSTANT_CONVERSION = YES;
				CLANG_WARN_DEPRECATED_OBJC_IMPLEMENTATIONS = YES;
				CLANG_WARN_DIRECT_OBJC_ISA_USAGE = YES_ERROR;
				CLANG_WARN_DOCUMENTATION_COMMENTS = YES;
				CLANG_WARN_EMPTY_BODY = YES;
				CLANG_WARN_ENUM_CONVERSION = YES;
				CLANG_WARN_INFINITE_RECURSION = YES;
				CLANG_WARN_INT_CONVERSION = YES;
				CLANG_WARN_NON_LITERAL_NULL_CONVERSION = YES;
				CLANG_WARN_OBJC_IMPLICIT_RETAIN_SELF = YES;
				CLANG_WARN_OBJC_LITERAL_CONVERSION = YES;
				CLANG_WARN_OBJC_ROOT_CLASS = YES_ERROR;
				CLANG_WARN_QUOTED_INCLUDE_IN_FRAMEWORK_HEADER = YES;
				CLANG_WARN_RANGE_LOOP_ANALYSIS = YES;
				CLANG_WARN_STRICT_PROTOTYPES = YES;
				CLANG_WARN_SUSPICIOUS_MOVE = YES;
				CLANG_WARN_UNGUARDED_AVAILABILITY = YES_AGGRESSIVE;
				CLANG_WARN_UNREACHABLE_CODE = YES;
				CLANG_WARN__DUPLICATE_METHOD_MATCH = YES;
				COPY_PHASE_STRIP = NO;
				DEBUG_INFORMATION_FORMAT = dwarf;
				ENABLE_STRICT_OBJC_MSGSEND = YES;
				ENABLE_TESTABILITY = YES;
				GCC_C_LANGUAGE_STANDARD = gnu11;
				GCC_DYNAMIC_NO_PIC = NO;
				GCC_NO_COMMON_BLOCKS = YES;
				GCC_OPTIMIZATION_LEVEL = 0;
				GCC_PREPROCESSOR_DEFINITIONS = (
					"DEBUG=1",
					"$(inherited)",
				);
				GCC_WARN_64_TO_32_BIT_CONVERSION = YES;
				GCC_WARN_ABOUT_RETURN_TYPE = YES_ERROR;
				GCC_WARN_UNDECLARED_SELECTOR = YES;
				GCC_WARN_UNINITIALIZED_AUTOS = YES_AGGRESSIVE;
				GCC_WARN_UNUSED_FUNCTION = YES;
				GCC_WARN_UNUSED_VARIABLE = YES;
				IPHONEOS_DEPLOYMENT_TARGET = 14.5;
				MTL_ENABLE_DEBUG_INFO = INCLUDE_SOURCE;
				MTL_FAST_MATH = YES;
				ONLY_ACTIVE_ARCH = YES;
				SDKROOT = iphoneos;
				SWIFT_ACTIVE_COMPILATION_CONDITIONS = DEBUG;
				SWIFT_OPTIMIZATION_LEVEL = "-Onone";
			};
			name = Debug;
		};
		4A77AA1526D8835E00A89B3A /* Release */ = {
			isa = XCBuildConfiguration;
			buildSettings = {
				ALWAYS_SEARCH_USER_PATHS = NO;
				CLANG_ANALYZER_NONNULL = YES;
				CLANG_ANALYZER_NUMBER_OBJECT_CONVERSION = YES_AGGRESSIVE;
				CLANG_CXX_LANGUAGE_STANDARD = "gnu++14";
				CLANG_CXX_LIBRARY = "libc++";
				CLANG_ENABLE_MODULES = YES;
				CLANG_ENABLE_OBJC_ARC = YES;
				CLANG_ENABLE_OBJC_WEAK = YES;
				CLANG_WARN_BLOCK_CAPTURE_AUTORELEASING = YES;
				CLANG_WARN_BOOL_CONVERSION = YES;
				CLANG_WARN_COMMA = YES;
				CLANG_WARN_CONSTANT_CONVERSION = YES;
				CLANG_WARN_DEPRECATED_OBJC_IMPLEMENTATIONS = YES;
				CLANG_WARN_DIRECT_OBJC_ISA_USAGE = YES_ERROR;
				CLANG_WARN_DOCUMENTATION_COMMENTS = YES;
				CLANG_WARN_EMPTY_BODY = YES;
				CLANG_WARN_ENUM_CONVERSION = YES;
				CLANG_WARN_INFINITE_RECURSION = YES;
				CLANG_WARN_INT_CONVERSION = YES;
				CLANG_WARN_NON_LITERAL_NULL_CONVERSION = YES;
				CLANG_WARN_OBJC_IMPLICIT_RETAIN_SELF = YES;
				CLANG_WARN_OBJC_LITERAL_CONVERSION = YES;
				CLANG_WARN_OBJC_ROOT_CLASS = YES_ERROR;
				CLANG_WARN_QUOTED_INCLUDE_IN_FRAMEWORK_HEADER = YES;
				CLANG_WARN_RANGE_LOOP_ANALYSIS = YES;
				CLANG_WARN_STRICT_PROTOTYPES = YES;
				CLANG_WARN_SUSPICIOUS_MOVE = YES;
				CLANG_WARN_UNGUARDED_AVAILABILITY = YES_AGGRESSIVE;
				CLANG_WARN_UNREACHABLE_CODE = YES;
				CLANG_WARN__DUPLICATE_METHOD_MATCH = YES;
				COPY_PHASE_STRIP = NO;
				DEBUG_INFORMATION_FORMAT = "dwarf-with-dsym";
				ENABLE_NS_ASSERTIONS = NO;
				ENABLE_STRICT_OBJC_MSGSEND = YES;
				GCC_C_LANGUAGE_STANDARD = gnu11;
				GCC_NO_COMMON_BLOCKS = YES;
				GCC_WARN_64_TO_32_BIT_CONVERSION = YES;
				GCC_WARN_ABOUT_RETURN_TYPE = YES_ERROR;
				GCC_WARN_UNDECLARED_SELECTOR = YES;
				GCC_WARN_UNINITIALIZED_AUTOS = YES_AGGRESSIVE;
				GCC_WARN_UNUSED_FUNCTION = YES;
				GCC_WARN_UNUSED_VARIABLE = YES;
				IPHONEOS_DEPLOYMENT_TARGET = 14.5;
				MTL_ENABLE_DEBUG_INFO = NO;
				MTL_FAST_MATH = YES;
				SDKROOT = iphoneos;
				SWIFT_COMPILATION_MODE = wholemodule;
				SWIFT_OPTIMIZATION_LEVEL = "-O";
				VALIDATE_PRODUCT = YES;
			};
			name = Release;
		};
		4A77AA1726D8835E00A89B3A /* Debug */ = {
			isa = XCBuildConfiguration;
			buildSettings = {
				ASSETCATALOG_COMPILER_APPICON_NAME = AppIcon;
				ASSETCATALOG_COMPILER_GLOBAL_ACCENT_COLOR_NAME = AccentColor;
				CODE_SIGN_STYLE = Automatic;
				DEVELOPMENT_ASSET_PATHS = "\"ingresso-ios-challenge/Preview Content\"";
				ENABLE_PREVIEWS = YES;
				INFOPLIST_FILE = "ingresso-ios-challenge/Info.plist";
				IPHONEOS_DEPLOYMENT_TARGET = 14.0;
				LD_RUNPATH_SEARCH_PATHS = (
					"$(inherited)",
					"@executable_path/Frameworks",
				);
				PRODUCT_BUNDLE_IDENTIFIER = "br.com.philippe.ingresso-ios-challenge";
				PRODUCT_NAME = "$(TARGET_NAME)";
				SWIFT_VERSION = 5.0;
				TARGETED_DEVICE_FAMILY = "1,2";
			};
			name = Debug;
		};
		4A77AA1826D8835E00A89B3A /* Release */ = {
			isa = XCBuildConfiguration;
			buildSettings = {
				ASSETCATALOG_COMPILER_APPICON_NAME = AppIcon;
				ASSETCATALOG_COMPILER_GLOBAL_ACCENT_COLOR_NAME = AccentColor;
				CODE_SIGN_STYLE = Automatic;
				DEVELOPMENT_ASSET_PATHS = "\"ingresso-ios-challenge/Preview Content\"";
				ENABLE_PREVIEWS = YES;
				INFOPLIST_FILE = "ingresso-ios-challenge/Info.plist";
				IPHONEOS_DEPLOYMENT_TARGET = 14.0;
				LD_RUNPATH_SEARCH_PATHS = (
					"$(inherited)",
					"@executable_path/Frameworks",
				);
				PRODUCT_BUNDLE_IDENTIFIER = "br.com.philippe.ingresso-ios-challenge";
				PRODUCT_NAME = "$(TARGET_NAME)";
				SWIFT_VERSION = 5.0;
				TARGETED_DEVICE_FAMILY = "1,2";
			};
			name = Release;
		};
		4A77AA1A26D8835E00A89B3A /* Debug */ = {
			isa = XCBuildConfiguration;
			buildSettings = {
				ALWAYS_EMBED_SWIFT_STANDARD_LIBRARIES = YES;
				BUNDLE_LOADER = "$(TEST_HOST)";
				CODE_SIGN_STYLE = Automatic;
				INFOPLIST_FILE = "ingresso-ios-challengeTests/Info.plist";
				IPHONEOS_DEPLOYMENT_TARGET = 14.0;
				LD_RUNPATH_SEARCH_PATHS = (
					"$(inherited)",
					"@executable_path/Frameworks",
					"@loader_path/Frameworks",
				);
				PRODUCT_BUNDLE_IDENTIFIER = "br.com.philippe.ingresso-ios-challengeTests";
				PRODUCT_NAME = "$(TARGET_NAME)";
				SWIFT_VERSION = 5.0;
				TARGETED_DEVICE_FAMILY = "1,2";
				TEST_HOST = "$(BUILT_PRODUCTS_DIR)/ingresso-ios-challenge.app/ingresso-ios-challenge";
			};
			name = Debug;
		};
		4A77AA1B26D8835E00A89B3A /* Release */ = {
			isa = XCBuildConfiguration;
			buildSettings = {
				ALWAYS_EMBED_SWIFT_STANDARD_LIBRARIES = YES;
				BUNDLE_LOADER = "$(TEST_HOST)";
				CODE_SIGN_STYLE = Automatic;
				INFOPLIST_FILE = "ingresso-ios-challengeTests/Info.plist";
				IPHONEOS_DEPLOYMENT_TARGET = 14.0;
				LD_RUNPATH_SEARCH_PATHS = (
					"$(inherited)",
					"@executable_path/Frameworks",
					"@loader_path/Frameworks",
				);
				PRODUCT_BUNDLE_IDENTIFIER = "br.com.philippe.ingresso-ios-challengeTests";
				PRODUCT_NAME = "$(TARGET_NAME)";
				SWIFT_VERSION = 5.0;
				TARGETED_DEVICE_FAMILY = "1,2";
				TEST_HOST = "$(BUILT_PRODUCTS_DIR)/ingresso-ios-challenge.app/ingresso-ios-challenge";
			};
			name = Release;
		};
		4A77AA1D26D8835E00A89B3A /* Debug */ = {
			isa = XCBuildConfiguration;
			buildSettings = {
				ALWAYS_EMBED_SWIFT_STANDARD_LIBRARIES = YES;
				CODE_SIGN_STYLE = Automatic;
				INFOPLIST_FILE = "ingresso-ios-challengeUITests/Info.plist";
				LD_RUNPATH_SEARCH_PATHS = (
					"$(inherited)",
					"@executable_path/Frameworks",
					"@loader_path/Frameworks",
				);
				PRODUCT_BUNDLE_IDENTIFIER = "br.com.philippe.ingresso-ios-challengeUITests";
				PRODUCT_NAME = "$(TARGET_NAME)";
				SWIFT_VERSION = 5.0;
				TARGETED_DEVICE_FAMILY = "1,2";
				TEST_TARGET_NAME = "ingresso-ios-challenge";
			};
			name = Debug;
		};
		4A77AA1E26D8835E00A89B3A /* Release */ = {
			isa = XCBuildConfiguration;
			buildSettings = {
				ALWAYS_EMBED_SWIFT_STANDARD_LIBRARIES = YES;
				CODE_SIGN_STYLE = Automatic;
				INFOPLIST_FILE = "ingresso-ios-challengeUITests/Info.plist";
				LD_RUNPATH_SEARCH_PATHS = (
					"$(inherited)",
					"@executable_path/Frameworks",
					"@loader_path/Frameworks",
				);
				PRODUCT_BUNDLE_IDENTIFIER = "br.com.philippe.ingresso-ios-challengeUITests";
				PRODUCT_NAME = "$(TARGET_NAME)";
				SWIFT_VERSION = 5.0;
				TARGETED_DEVICE_FAMILY = "1,2";
				TEST_TARGET_NAME = "ingresso-ios-challenge";
			};
			name = Release;
		};
/* End XCBuildConfiguration section */

/* Begin XCConfigurationList section */
		4A77A9EC26D8835C00A89B3A /* Build configuration list for PBXProject "ingresso-ios-challenge" */ = {
			isa = XCConfigurationList;
			buildConfigurations = (
				4A77AA1426D8835E00A89B3A /* Debug */,
				4A77AA1526D8835E00A89B3A /* Release */,
			);
			defaultConfigurationIsVisible = 0;
			defaultConfigurationName = Release;
		};
		4A77AA1626D8835E00A89B3A /* Build configuration list for PBXNativeTarget "ingresso-ios-challenge" */ = {
			isa = XCConfigurationList;
			buildConfigurations = (
				4A77AA1726D8835E00A89B3A /* Debug */,
				4A77AA1826D8835E00A89B3A /* Release */,
			);
			defaultConfigurationIsVisible = 0;
			defaultConfigurationName = Release;
		};
		4A77AA1926D8835E00A89B3A /* Build configuration list for PBXNativeTarget "ingresso-ios-challengeTests" */ = {
			isa = XCConfigurationList;
			buildConfigurations = (
				4A77AA1A26D8835E00A89B3A /* Debug */,
				4A77AA1B26D8835E00A89B3A /* Release */,
			);
			defaultConfigurationIsVisible = 0;
			defaultConfigurationName = Release;
		};
		4A77AA1C26D8835E00A89B3A /* Build configuration list for PBXNativeTarget "ingresso-ios-challengeUITests" */ = {
			isa = XCConfigurationList;
			buildConfigurations = (
				4A77AA1D26D8835E00A89B3A /* Debug */,
				4A77AA1E26D8835E00A89B3A /* Release */,
			);
			defaultConfigurationIsVisible = 0;
			defaultConfigurationName = Release;
		};
/* End XCConfigurationList section */
	};
	rootObject = 4A77A9E926D8835C00A89B3A /* Project object */;
}
