// !$*UTF8*$!
{
	archiveVersion = 1;
	classes = {
	};
	objectVersion = 50;
	objects = {

/* Begin PBXBuildFile section */
		675A074326EEC3E900A94D35 /* Desafio_IngressoApp.swift in Sources */ = {isa = PBXBuildFile; fileRef = 675A074226EEC3E900A94D35 /* Desafio_IngressoApp.swift */; };
		675A074526EEC3E900A94D35 /* ContentView.swift in Sources */ = {isa = PBXBuildFile; fileRef = 675A074426EEC3E900A94D35 /* ContentView.swift */; };
		675A074726EEC3EC00A94D35 /* Assets.xcassets in Resources */ = {isa = PBXBuildFile; fileRef = 675A074626EEC3EC00A94D35 /* Assets.xcassets */; };
		675A074A26EEC3EC00A94D35 /* Preview Assets.xcassets in Resources */ = {isa = PBXBuildFile; fileRef = 675A074926EEC3EC00A94D35 /* Preview Assets.xcassets */; };
		675A075526EEC3EC00A94D35 /* Desafio_IngressoTests.swift in Sources */ = {isa = PBXBuildFile; fileRef = 675A075426EEC3EC00A94D35 /* Desafio_IngressoTests.swift */; };
		675A076026EEC3EC00A94D35 /* Desafio_IngressoUITests.swift in Sources */ = {isa = PBXBuildFile; fileRef = 675A075F26EEC3EC00A94D35 /* Desafio_IngressoUITests.swift */; };
		675A077226EECE5900A94D35 /* ComingSoonMovies.swift in Sources */ = {isa = PBXBuildFile; fileRef = 675A077126EECE5900A94D35 /* ComingSoonMovies.swift */; };
		675A077726EECEE000A94D35 /* ViewModel.swift in Sources */ = {isa = PBXBuildFile; fileRef = 675A077626EECEE000A94D35 /* ViewModel.swift */; };
		675A077A26EF124800A94D35 /* Movies.swift in Sources */ = {isa = PBXBuildFile; fileRef = 675A077926EF124800A94D35 /* Movies.swift */; };
/* End PBXBuildFile section */

/* Begin PBXContainerItemProxy section */
		675A075126EEC3EC00A94D35 /* PBXContainerItemProxy */ = {
			isa = PBXContainerItemProxy;
			containerPortal = 675A073726EEC3E900A94D35 /* Project object */;
			proxyType = 1;
			remoteGlobalIDString = 675A073E26EEC3E900A94D35;
			remoteInfo = Desafio_Ingresso;
		};
		675A075C26EEC3EC00A94D35 /* PBXContainerItemProxy */ = {
			isa = PBXContainerItemProxy;
			containerPortal = 675A073726EEC3E900A94D35 /* Project object */;
			proxyType = 1;
			remoteGlobalIDString = 675A073E26EEC3E900A94D35;
			remoteInfo = Desafio_Ingresso;
		};
/* End PBXContainerItemProxy section */

/* Begin PBXFileReference section */
		675A073F26EEC3E900A94D35 /* Desafio_Ingresso.app */ = {isa = PBXFileReference; explicitFileType = wrapper.application; includeInIndex = 0; path = Desafio_Ingresso.app; sourceTree = BUILT_PRODUCTS_DIR; };
		675A074226EEC3E900A94D35 /* Desafio_IngressoApp.swift */ = {isa = PBXFileReference; lastKnownFileType = sourcecode.swift; path = Desafio_IngressoApp.swift; sourceTree = "<group>"; };
		675A074426EEC3E900A94D35 /* ContentView.swift */ = {isa = PBXFileReference; lastKnownFileType = sourcecode.swift; path = ContentView.swift; sourceTree = "<group>"; };
		675A074626EEC3EC00A94D35 /* Assets.xcassets */ = {isa = PBXFileReference; lastKnownFileType = folder.assetcatalog; path = Assets.xcassets; sourceTree = "<group>"; };
		675A074926EEC3EC00A94D35 /* Preview Assets.xcassets */ = {isa = PBXFileReference; lastKnownFileType = folder.assetcatalog; path = "Preview Assets.xcassets"; sourceTree = "<group>"; };
		675A074B26EEC3EC00A94D35 /* Info.plist */ = {isa = PBXFileReference; lastKnownFileType = text.plist.xml; path = Info.plist; sourceTree = "<group>"; };
		675A075026EEC3EC00A94D35 /* Desafio_IngressoTests.xctest */ = {isa = PBXFileReference; explicitFileType = wrapper.cfbundle; includeInIndex = 0; path = Desafio_IngressoTests.xctest; sourceTree = BUILT_PRODUCTS_DIR; };
		675A075426EEC3EC00A94D35 /* Desafio_IngressoTests.swift */ = {isa = PBXFileReference; lastKnownFileType = sourcecode.swift; path = Desafio_IngressoTests.swift; sourceTree = "<group>"; };
		675A075626EEC3EC00A94D35 /* Info.plist */ = {isa = PBXFileReference; lastKnownFileType = text.plist.xml; path = Info.plist; sourceTree = "<group>"; };
		675A075B26EEC3EC00A94D35 /* Desafio_IngressoUITests.xctest */ = {isa = PBXFileReference; explicitFileType = wrapper.cfbundle; includeInIndex = 0; path = Desafio_IngressoUITests.xctest; sourceTree = BUILT_PRODUCTS_DIR; };
		675A075F26EEC3EC00A94D35 /* Desafio_IngressoUITests.swift */ = {isa = PBXFileReference; lastKnownFileType = sourcecode.swift; path = Desafio_IngressoUITests.swift; sourceTree = "<group>"; };
		675A076126EEC3EC00A94D35 /* Info.plist */ = {isa = PBXFileReference; lastKnownFileType = text.plist.xml; path = Info.plist; sourceTree = "<group>"; };
		675A077126EECE5900A94D35 /* ComingSoonMovies.swift */ = {isa = PBXFileReference; lastKnownFileType = sourcecode.swift; path = ComingSoonMovies.swift; sourceTree = "<group>"; };
		675A077626EECEE000A94D35 /* ViewModel.swift */ = {isa = PBXFileReference; lastKnownFileType = sourcecode.swift; path = ViewModel.swift; sourceTree = "<group>"; };
		675A077826EEE09500A94D35 /* README.md */ = {isa = PBXFileReference; lastKnownFileType = net.daringfireball.markdown; path = README.md; sourceTree = "<group>"; };
		675A077926EF124800A94D35 /* Movies.swift */ = {isa = PBXFileReference; lastKnownFileType = sourcecode.swift; path = Movies.swift; sourceTree = "<group>"; };
/* End PBXFileReference section */

/* Begin PBXFrameworksBuildPhase section */
		675A073C26EEC3E900A94D35 /* Frameworks */ = {
			isa = PBXFrameworksBuildPhase;
			buildActionMask = 2147483647;
			files = (
			);
			runOnlyForDeploymentPostprocessing = 0;
		};
		675A074D26EEC3EC00A94D35 /* Frameworks */ = {
			isa = PBXFrameworksBuildPhase;
			buildActionMask = 2147483647;
			files = (
			);
			runOnlyForDeploymentPostprocessing = 0;
		};
		675A075826EEC3EC00A94D35 /* Frameworks */ = {
			isa = PBXFrameworksBuildPhase;
			buildActionMask = 2147483647;
			files = (
			);
			runOnlyForDeploymentPostprocessing = 0;
		};
/* End PBXFrameworksBuildPhase section */

/* Begin PBXGroup section */
		675A073626EEC3E900A94D35 = {
			isa = PBXGroup;
			children = (
				675A077826EEE09500A94D35 /* README.md */,
				675A074126EEC3E900A94D35 /* Desafio_Ingresso */,
				675A075326EEC3EC00A94D35 /* Desafio_IngressoTests */,
				675A075E26EEC3EC00A94D35 /* Desafio_IngressoUITests */,
				675A074026EEC3E900A94D35 /* Products */,
			);
			sourceTree = "<group>";
		};
		675A074026EEC3E900A94D35 /* Products */ = {
			isa = PBXGroup;
			children = (
				675A073F26EEC3E900A94D35 /* Desafio_Ingresso.app */,
				675A075026EEC3EC00A94D35 /* Desafio_IngressoTests.xctest */,
				675A075B26EEC3EC00A94D35 /* Desafio_IngressoUITests.xctest */,
			);
			name = Products;
			sourceTree = "<group>";
		};
		675A074126EEC3E900A94D35 /* Desafio_Ingresso */ = {
			isa = PBXGroup;
			children = (
				675A077326EECEBC00A94D35 /* ViewModel */,
				675A077026EECCE800A94D35 /* Views */,
				675A076D26EECC2800A94D35 /* Model */,
				675A074226EEC3E900A94D35 /* Desafio_IngressoApp.swift */,
				675A074426EEC3E900A94D35 /* ContentView.swift */,
				675A074626EEC3EC00A94D35 /* Assets.xcassets */,
				675A074B26EEC3EC00A94D35 /* Info.plist */,
				675A074826EEC3EC00A94D35 /* Preview Content */,
			);
			path = Desafio_Ingresso;
			sourceTree = "<group>";
		};
		675A074826EEC3EC00A94D35 /* Preview Content */ = {
			isa = PBXGroup;
			children = (
				675A074926EEC3EC00A94D35 /* Preview Assets.xcassets */,
			);
			path = "Preview Content";
			sourceTree = "<group>";
		};
		675A075326EEC3EC00A94D35 /* Desafio_IngressoTests */ = {
			isa = PBXGroup;
			children = (
				675A075426EEC3EC00A94D35 /* Desafio_IngressoTests.swift */,
				675A075626EEC3EC00A94D35 /* Info.plist */,
			);
			path = Desafio_IngressoTests;
			sourceTree = "<group>";
		};
		675A075E26EEC3EC00A94D35 /* Desafio_IngressoUITests */ = {
			isa = PBXGroup;
			children = (
				675A075F26EEC3EC00A94D35 /* Desafio_IngressoUITests.swift */,
				675A076126EEC3EC00A94D35 /* Info.plist */,
			);
			path = Desafio_IngressoUITests;
			sourceTree = "<group>";
		};
		675A076D26EECC2800A94D35 /* Model */ = {
			isa = PBXGroup;
			children = (
				675A077926EF124800A94D35 /* Movies.swift */,
			);
			path = Model;
			sourceTree = "<group>";
		};
		675A077026EECCE800A94D35 /* Views */ = {
			isa = PBXGroup;
			children = (
				675A077126EECE5900A94D35 /* ComingSoonMovies.swift */,
			);
			path = Views;
			sourceTree = "<group>";
		};
		675A077326EECEBC00A94D35 /* ViewModel */ = {
			isa = PBXGroup;
			children = (
				675A077626EECEE000A94D35 /* ViewModel.swift */,
			);
			path = ViewModel;
			sourceTree = "<group>";
		};
/* End PBXGroup section */

/* Begin PBXNativeTarget section */
		675A073E26EEC3E900A94D35 /* Desafio_Ingresso */ = {
			isa = PBXNativeTarget;
			buildConfigurationList = 675A076426EEC3EC00A94D35 /* Build configuration list for PBXNativeTarget "Desafio_Ingresso" */;
			buildPhases = (
				675A073B26EEC3E900A94D35 /* Sources */,
				675A073C26EEC3E900A94D35 /* Frameworks */,
				675A073D26EEC3E900A94D35 /* Resources */,
			);
			buildRules = (
			);
			dependencies = (
			);
			name = Desafio_Ingresso;
			productName = Desafio_Ingresso;
			productReference = 675A073F26EEC3E900A94D35 /* Desafio_Ingresso.app */;
			productType = "com.apple.product-type.application";
		};
		675A074F26EEC3EC00A94D35 /* Desafio_IngressoTests */ = {
			isa = PBXNativeTarget;
			buildConfigurationList = 675A076726EEC3EC00A94D35 /* Build configuration list for PBXNativeTarget "Desafio_IngressoTests" */;
			buildPhases = (
				675A074C26EEC3EC00A94D35 /* Sources */,
				675A074D26EEC3EC00A94D35 /* Frameworks */,
				675A074E26EEC3EC00A94D35 /* Resources */,
			);
			buildRules = (
			);
			dependencies = (
				675A075226EEC3EC00A94D35 /* PBXTargetDependency */,
			);
			name = Desafio_IngressoTests;
			productName = Desafio_IngressoTests;
			productReference = 675A075026EEC3EC00A94D35 /* Desafio_IngressoTests.xctest */;
			productType = "com.apple.product-type.bundle.unit-test";
		};
		675A075A26EEC3EC00A94D35 /* Desafio_IngressoUITests */ = {
			isa = PBXNativeTarget;
			buildConfigurationList = 675A076A26EEC3EC00A94D35 /* Build configuration list for PBXNativeTarget "Desafio_IngressoUITests" */;
			buildPhases = (
				675A075726EEC3EC00A94D35 /* Sources */,
				675A075826EEC3EC00A94D35 /* Frameworks */,
				675A075926EEC3EC00A94D35 /* Resources */,
			);
			buildRules = (
			);
			dependencies = (
				675A075D26EEC3EC00A94D35 /* PBXTargetDependency */,
			);
			name = Desafio_IngressoUITests;
			productName = Desafio_IngressoUITests;
			productReference = 675A075B26EEC3EC00A94D35 /* Desafio_IngressoUITests.xctest */;
			productType = "com.apple.product-type.bundle.ui-testing";
		};
/* End PBXNativeTarget section */

/* Begin PBXProject section */
		675A073726EEC3E900A94D35 /* Project object */ = {
			isa = PBXProject;
			attributes = {
				LastSwiftUpdateCheck = 1250;
				LastUpgradeCheck = 1250;
				TargetAttributes = {
					675A073E26EEC3E900A94D35 = {
						CreatedOnToolsVersion = 12.5.1;
					};
					675A074F26EEC3EC00A94D35 = {
						CreatedOnToolsVersion = 12.5.1;
						TestTargetID = 675A073E26EEC3E900A94D35;
					};
					675A075A26EEC3EC00A94D35 = {
						CreatedOnToolsVersion = 12.5.1;
						TestTargetID = 675A073E26EEC3E900A94D35;
					};
				};
			};
			buildConfigurationList = 675A073A26EEC3E900A94D35 /* Build configuration list for PBXProject "Desafio_Ingresso" */;
			compatibilityVersion = "Xcode 9.3";
			developmentRegion = en;
			hasScannedForEncodings = 0;
			knownRegions = (
				en,
				Base,
			);
			mainGroup = 675A073626EEC3E900A94D35;
			productRefGroup = 675A074026EEC3E900A94D35 /* Products */;
			projectDirPath = "";
			projectRoot = "";
			targets = (
				675A073E26EEC3E900A94D35 /* Desafio_Ingresso */,
				675A074F26EEC3EC00A94D35 /* Desafio_IngressoTests */,
				675A075A26EEC3EC00A94D35 /* Desafio_IngressoUITests */,
			);
		};
/* End PBXProject section */

/* Begin PBXResourcesBuildPhase section */
		675A073D26EEC3E900A94D35 /* Resources */ = {
			isa = PBXResourcesBuildPhase;
			buildActionMask = 2147483647;
			files = (
				675A074A26EEC3EC00A94D35 /* Preview Assets.xcassets in Resources */,
				675A074726EEC3EC00A94D35 /* Assets.xcassets in Resources */,
			);
			runOnlyForDeploymentPostprocessing = 0;
		};
		675A074E26EEC3EC00A94D35 /* Resources */ = {
			isa = PBXResourcesBuildPhase;
			buildActionMask = 2147483647;
			files = (
			);
			runOnlyForDeploymentPostprocessing = 0;
		};
		675A075926EEC3EC00A94D35 /* Resources */ = {
			isa = PBXResourcesBuildPhase;
			buildActionMask = 2147483647;
			files = (
			);
			runOnlyForDeploymentPostprocessing = 0;
		};
/* End PBXResourcesBuildPhase section */

/* Begin PBXSourcesBuildPhase section */
		675A073B26EEC3E900A94D35 /* Sources */ = {
			isa = PBXSourcesBuildPhase;
			buildActionMask = 2147483647;
			files = (
				675A077726EECEE000A94D35 /* ViewModel.swift in Sources */,
				675A077226EECE5900A94D35 /* ComingSoonMovies.swift in Sources */,
				675A077A26EF124800A94D35 /* Movies.swift in Sources */,
				675A074526EEC3E900A94D35 /* ContentView.swift in Sources */,
				675A074326EEC3E900A94D35 /* Desafio_IngressoApp.swift in Sources */,
			);
			runOnlyForDeploymentPostprocessing = 0;
		};
		675A074C26EEC3EC00A94D35 /* Sources */ = {
			isa = PBXSourcesBuildPhase;
			buildActionMask = 2147483647;
			files = (
				675A075526EEC3EC00A94D35 /* Desafio_IngressoTests.swift in Sources */,
			);
			runOnlyForDeploymentPostprocessing = 0;
		};
		675A075726EEC3EC00A94D35 /* Sources */ = {
			isa = PBXSourcesBuildPhase;
			buildActionMask = 2147483647;
			files = (
				675A076026EEC3EC00A94D35 /* Desafio_IngressoUITests.swift in Sources */,
			);
			runOnlyForDeploymentPostprocessing = 0;
		};
/* End PBXSourcesBuildPhase section */

/* Begin PBXTargetDependency section */
		675A075226EEC3EC00A94D35 /* PBXTargetDependency */ = {
			isa = PBXTargetDependency;
			target = 675A073E26EEC3E900A94D35 /* Desafio_Ingresso */;
			targetProxy = 675A075126EEC3EC00A94D35 /* PBXContainerItemProxy */;
		};
		675A075D26EEC3EC00A94D35 /* PBXTargetDependency */ = {
			isa = PBXTargetDependency;
			target = 675A073E26EEC3E900A94D35 /* Desafio_Ingresso */;
			targetProxy = 675A075C26EEC3EC00A94D35 /* PBXContainerItemProxy */;
		};
/* End PBXTargetDependency section */

/* Begin XCBuildConfiguration section */
		675A076226EEC3EC00A94D35 /* Debug */ = {
			isa = XCBuildConfiguration;
			buildSettings = {
				ALWAYS_SEARCH_USER_PATHS = NO;
				CLANG_ANALYZER_NONNULL = YES;
				CLANG_ANALYZER_NUMBER_OBJECT_CONVERSION = YES_AGGRESSIVE;
				CLANG_CXX_LANGUAGE_STANDARD = "gnu++14";
				CLANG_CXX_LIBRARY = "libc++";
				CLANG_ENABLE_MODULES = YES;
				CLANG_ENABLE_OBJC_ARC = YES;
				CLANG_ENABLE_OBJC_WEAK = YES;
				CLANG_WARN_BLOCK_CAPTURE_AUTORELEASING = YES;
				CLANG_WARN_BOOL_CONVERSION = YES;
				CLANG_WARN_COMMA = YES;
				CLANG_WARN_CONSTANT_CONVERSION = YES;
				CLANG_WARN_DEPRECATED_OBJC_IMPLEMENTATIONS = YES;
				CLANG_WARN_DIRECT_OBJC_ISA_USAGE = YES_ERROR;
				CLANG_WARN_DOCUMENTATION_COMMENTS = YES;
				CLANG_WARN_EMPTY_BODY = YES;
				CLANG_WARN_ENUM_CONVERSION = YES;
				CLANG_WARN_INFINITE_RECURSION = YES;
				CLANG_WARN_INT_CONVERSION = YES;
				CLANG_WARN_NON_LITERAL_NULL_CONVERSION = YES;
				CLANG_WARN_OBJC_IMPLICIT_RETAIN_SELF = YES;
				CLANG_WARN_OBJC_LITERAL_CONVERSION = YES;
				CLANG_WARN_OBJC_ROOT_CLASS = YES_ERROR;
				CLANG_WARN_QUOTED_INCLUDE_IN_FRAMEWORK_HEADER = YES;
				CLANG_WARN_RANGE_LOOP_ANALYSIS = YES;
				CLANG_WARN_STRICT_PROTOTYPES = YES;
				CLANG_WARN_SUSPICIOUS_MOVE = YES;
				CLANG_WARN_UNGUARDED_AVAILABILITY = YES_AGGRESSIVE;
				CLANG_WARN_UNREACHABLE_CODE = YES;
				CLANG_WARN__DUPLICATE_METHOD_MATCH = YES;
				COPY_PHASE_STRIP = NO;
				DEBUG_INFORMATION_FORMAT = dwarf;
				ENABLE_STRICT_OBJC_MSGSEND = YES;
				ENABLE_TESTABILITY = YES;
				GCC_C_LANGUAGE_STANDARD = gnu11;
				GCC_DYNAMIC_NO_PIC = NO;
				GCC_NO_COMMON_BLOCKS = YES;
				GCC_OPTIMIZATION_LEVEL = 0;
				GCC_PREPROCESSOR_DEFINITIONS = (
					"DEBUG=1",
					"$(inherited)",
				);
				GCC_WARN_64_TO_32_BIT_CONVERSION = YES;
				GCC_WARN_ABOUT_RETURN_TYPE = YES_ERROR;
				GCC_WARN_UNDECLARED_SELECTOR = YES;
				GCC_WARN_UNINITIALIZED_AUTOS = YES_AGGRESSIVE;
				GCC_WARN_UNUSED_FUNCTION = YES;
				GCC_WARN_UNUSED_VARIABLE = YES;
				IPHONEOS_DEPLOYMENT_TARGET = 14.5;
				MTL_ENABLE_DEBUG_INFO = INCLUDE_SOURCE;
				MTL_FAST_MATH = YES;
				ONLY_ACTIVE_ARCH = YES;
				SDKROOT = iphoneos;
				SWIFT_ACTIVE_COMPILATION_CONDITIONS = DEBUG;
				SWIFT_OPTIMIZATION_LEVEL = "-Onone";
			};
			name = Debug;
		};
		675A076326EEC3EC00A94D35 /* Release */ = {
			isa = XCBuildConfiguration;
			buildSettings = {
				ALWAYS_SEARCH_USER_PATHS = NO;
				CLANG_ANALYZER_NONNULL = YES;
				CLANG_ANALYZER_NUMBER_OBJECT_CONVERSION = YES_AGGRESSIVE;
				CLANG_CXX_LANGUAGE_STANDARD = "gnu++14";
				CLANG_CXX_LIBRARY = "libc++";
				CLANG_ENABLE_MODULES = YES;
				CLANG_ENABLE_OBJC_ARC = YES;
				CLANG_ENABLE_OBJC_WEAK = YES;
				CLANG_WARN_BLOCK_CAPTURE_AUTORELEASING = YES;
				CLANG_WARN_BOOL_CONVERSION = YES;
				CLANG_WARN_COMMA = YES;
				CLANG_WARN_CONSTANT_CONVERSION = YES;
				CLANG_WARN_DEPRECATED_OBJC_IMPLEMENTATIONS = YES;
				CLANG_WARN_DIRECT_OBJC_ISA_USAGE = YES_ERROR;
				CLANG_WARN_DOCUMENTATION_COMMENTS = YES;
				CLANG_WARN_EMPTY_BODY = YES;
				CLANG_WARN_ENUM_CONVERSION = YES;
				CLANG_WARN_INFINITE_RECURSION = YES;
				CLANG_WARN_INT_CONVERSION = YES;
				CLANG_WARN_NON_LITERAL_NULL_CONVERSION = YES;
				CLANG_WARN_OBJC_IMPLICIT_RETAIN_SELF = YES;
				CLANG_WARN_OBJC_LITERAL_CONVERSION = YES;
				CLANG_WARN_OBJC_ROOT_CLASS = YES_ERROR;
				CLANG_WARN_QUOTED_INCLUDE_IN_FRAMEWORK_HEADER = YES;
				CLANG_WARN_RANGE_LOOP_ANALYSIS = YES;
				CLANG_WARN_STRICT_PROTOTYPES = YES;
				CLANG_WARN_SUSPICIOUS_MOVE = YES;
				CLANG_WARN_UNGUARDED_AVAILABILITY = YES_AGGRESSIVE;
				CLANG_WARN_UNREACHABLE_CODE = YES;
				CLANG_WARN__DUPLICATE_METHOD_MATCH = YES;
				COPY_PHASE_STRIP = NO;
				DEBUG_INFORMATION_FORMAT = "dwarf-with-dsym";
				ENABLE_NS_ASSERTIONS = NO;
				ENABLE_STRICT_OBJC_MSGSEND = YES;
				GCC_C_LANGUAGE_STANDARD = gnu11;
				GCC_NO_COMMON_BLOCKS = YES;
				GCC_WARN_64_TO_32_BIT_CONVERSION = YES;
				GCC_WARN_ABOUT_RETURN_TYPE = YES_ERROR;
				GCC_WARN_UNDECLARED_SELECTOR = YES;
				GCC_WARN_UNINITIALIZED_AUTOS = YES_AGGRESSIVE;
				GCC_WARN_UNUSED_FUNCTION = YES;
				GCC_WARN_UNUSED_VARIABLE = YES;
				IPHONEOS_DEPLOYMENT_TARGET = 14.5;
				MTL_ENABLE_DEBUG_INFO = NO;
				MTL_FAST_MATH = YES;
				SDKROOT = iphoneos;
				SWIFT_COMPILATION_MODE = wholemodule;
				SWIFT_OPTIMIZATION_LEVEL = "-O";
				VALIDATE_PRODUCT = YES;
			};
			name = Release;
		};
		675A076526EEC3EC00A94D35 /* Debug */ = {
			isa = XCBuildConfiguration;
			buildSettings = {
				ASSETCATALOG_COMPILER_APPICON_NAME = AppIcon;
				ASSETCATALOG_COMPILER_GLOBAL_ACCENT_COLOR_NAME = AccentColor;
				CODE_SIGN_STYLE = Automatic;
				DEVELOPMENT_ASSET_PATHS = "\"Desafio_Ingresso/Preview Content\"";
				DEVELOPMENT_TEAM = MQCZXY3BDQ;
				ENABLE_PREVIEWS = YES;
				INFOPLIST_FILE = Desafio_Ingresso/Info.plist;
				IPHONEOS_DEPLOYMENT_TARGET = 14.0;
				LD_RUNPATH_SEARCH_PATHS = (
					"$(inherited)",
					"@executable_path/Frameworks",
				);
				PRODUCT_BUNDLE_IDENTIFIER = "GuilhermeVassallo.Desafio-Ingresso";
				PRODUCT_NAME = "$(TARGET_NAME)";
				SWIFT_VERSION = 5.0;
				TARGETED_DEVICE_FAMILY = "1,2";
			};
			name = Debug;
		};
		675A076626EEC3EC00A94D35 /* Release */ = {
			isa = XCBuildConfiguration;
			buildSettings = {
				ASSETCATALOG_COMPILER_APPICON_NAME = AppIcon;
				ASSETCATALOG_COMPILER_GLOBAL_ACCENT_COLOR_NAME = AccentColor;
				CODE_SIGN_STYLE = Automatic;
				DEVELOPMENT_ASSET_PATHS = "\"Desafio_Ingresso/Preview Content\"";
				DEVELOPMENT_TEAM = MQCZXY3BDQ;
				ENABLE_PREVIEWS = YES;
				INFOPLIST_FILE = Desafio_Ingresso/Info.plist;
				IPHONEOS_DEPLOYMENT_TARGET = 14.0;
				LD_RUNPATH_SEARCH_PATHS = (
					"$(inherited)",
					"@executable_path/Frameworks",
				);
				PRODUCT_BUNDLE_IDENTIFIER = "GuilhermeVassallo.Desafio-Ingresso";
				PRODUCT_NAME = "$(TARGET_NAME)";
				SWIFT_VERSION = 5.0;
				TARGETED_DEVICE_FAMILY = "1,2";
			};
			name = Release;
		};
		675A076826EEC3EC00A94D35 /* Debug */ = {
			isa = XCBuildConfiguration;
			buildSettings = {
				ALWAYS_EMBED_SWIFT_STANDARD_LIBRARIES = YES;
				BUNDLE_LOADER = "$(TEST_HOST)";
				CODE_SIGN_STYLE = Automatic;
				DEVELOPMENT_TEAM = MQCZXY3BDQ;
				INFOPLIST_FILE = Desafio_IngressoTests/Info.plist;
				IPHONEOS_DEPLOYMENT_TARGET = 14.0;
				LD_RUNPATH_SEARCH_PATHS = (
					"$(inherited)",
					"@executable_path/Frameworks",
					"@loader_path/Frameworks",
				);
				PRODUCT_BUNDLE_IDENTIFIER = "GuilhermeVassallo.Desafio-IngressoTests";
				PRODUCT_NAME = "$(TARGET_NAME)";
				SWIFT_VERSION = 5.0;
				TARGETED_DEVICE_FAMILY = "1,2";
				TEST_HOST = "$(BUILT_PRODUCTS_DIR)/Desafio_Ingresso.app/Desafio_Ingresso";
			};
			name = Debug;
		};
		675A076926EEC3EC00A94D35 /* Release */ = {
			isa = XCBuildConfiguration;
			buildSettings = {
				ALWAYS_EMBED_SWIFT_STANDARD_LIBRARIES = YES;
				BUNDLE_LOADER = "$(TEST_HOST)";
				CODE_SIGN_STYLE = Automatic;
				DEVELOPMENT_TEAM = MQCZXY3BDQ;
				INFOPLIST_FILE = Desafio_IngressoTests/Info.plist;
				IPHONEOS_DEPLOYMENT_TARGET = 14.0;
				LD_RUNPATH_SEARCH_PATHS = (
					"$(inherited)",
					"@executable_path/Frameworks",
					"@loader_path/Frameworks",
				);
				PRODUCT_BUNDLE_IDENTIFIER = "GuilhermeVassallo.Desafio-IngressoTests";
				PRODUCT_NAME = "$(TARGET_NAME)";
				SWIFT_VERSION = 5.0;
				TARGETED_DEVICE_FAMILY = "1,2";
				TEST_HOST = "$(BUILT_PRODUCTS_DIR)/Desafio_Ingresso.app/Desafio_Ingresso";
			};
			name = Release;
		};
		675A076B26EEC3EC00A94D35 /* Debug */ = {
			isa = XCBuildConfiguration;
			buildSettings = {
				ALWAYS_EMBED_SWIFT_STANDARD_LIBRARIES = YES;
				CODE_SIGN_STYLE = Automatic;
				DEVELOPMENT_TEAM = MQCZXY3BDQ;
				INFOPLIST_FILE = Desafio_IngressoUITests/Info.plist;
				LD_RUNPATH_SEARCH_PATHS = (
					"$(inherited)",
					"@executable_path/Frameworks",
					"@loader_path/Frameworks",
				);
				PRODUCT_BUNDLE_IDENTIFIER = "GuilhermeVassallo.Desafio-IngressoUITests";
				PRODUCT_NAME = "$(TARGET_NAME)";
				SWIFT_VERSION = 5.0;
				TARGETED_DEVICE_FAMILY = "1,2";
				TEST_TARGET_NAME = Desafio_Ingresso;
			};
			name = Debug;
		};
		675A076C26EEC3EC00A94D35 /* Release */ = {
			isa = XCBuildConfiguration;
			buildSettings = {
				ALWAYS_EMBED_SWIFT_STANDARD_LIBRARIES = YES;
				CODE_SIGN_STYLE = Automatic;
				DEVELOPMENT_TEAM = MQCZXY3BDQ;
				INFOPLIST_FILE = Desafio_IngressoUITests/Info.plist;
				LD_RUNPATH_SEARCH_PATHS = (
					"$(inherited)",
					"@executable_path/Frameworks",
					"@loader_path/Frameworks",
				);
				PRODUCT_BUNDLE_IDENTIFIER = "GuilhermeVassallo.Desafio-IngressoUITests";
				PRODUCT_NAME = "$(TARGET_NAME)";
				SWIFT_VERSION = 5.0;
				TARGETED_DEVICE_FAMILY = "1,2";
				TEST_TARGET_NAME = Desafio_Ingresso;
			};
			name = Release;
		};
/* End XCBuildConfiguration section */

/* Begin XCConfigurationList section */
		675A073A26EEC3E900A94D35 /* Build configuration list for PBXProject "Desafio_Ingresso" */ = {
			isa = XCConfigurationList;
			buildConfigurations = (
				675A076226EEC3EC00A94D35 /* Debug */,
				675A076326EEC3EC00A94D35 /* Release */,
			);
			defaultConfigurationIsVisible = 0;
			defaultConfigurationName = Release;
		};
		675A076426EEC3EC00A94D35 /* Build configuration list for PBXNativeTarget "Desafio_Ingresso" */ = {
			isa = XCConfigurationList;
			buildConfigurations = (
				675A076526EEC3EC00A94D35 /* Debug */,
				675A076626EEC3EC00A94D35 /* Release */,
			);
			defaultConfigurationIsVisible = 0;
			defaultConfigurationName = Release;
		};
		675A076726EEC3EC00A94D35 /* Build configuration list for PBXNativeTarget "Desafio_IngressoTests" */ = {
			isa = XCConfigurationList;
			buildConfigurations = (
				675A076826EEC3EC00A94D35 /* Debug */,
				675A076926EEC3EC00A94D35 /* Release */,
			);
			defaultConfigurationIsVisible = 0;
			defaultConfigurationName = Release;
		};
		675A076A26EEC3EC00A94D35 /* Build configuration list for PBXNativeTarget "Desafio_IngressoUITests" */ = {
			isa = XCConfigurationList;
			buildConfigurations = (
				675A076B26EEC3EC00A94D35 /* Debug */,
				675A076C26EEC3EC00A94D35 /* Release */,
			);
			defaultConfigurationIsVisible = 0;
			defaultConfigurationName = Release;
		};
/* End XCConfigurationList section */
	};
	rootObject = 675A073726EEC3E900A94D35 /* Project object */;
}
